// !$*UTF8*$!
{
	archiveVersion = 1;
	classes = {
	};
	objectVersion = 46;
	objects = {

/* Begin PBXBuildFile section */
		E04447851AF9C84F0004E07A /* AppDelegate.swift in Sources */ = {isa = PBXBuildFile; fileRef = E04447841AF9C84F0004E07A /* AppDelegate.swift */; };
		E04447871AF9C84F0004E07A /* ViewController.swift in Sources */ = {isa = PBXBuildFile; fileRef = E04447861AF9C84F0004E07A /* ViewController.swift */; };
		E044478A1AF9C84F0004E07A /* Main.storyboard in Resources */ = {isa = PBXBuildFile; fileRef = E04447881AF9C84F0004E07A /* Main.storyboard */; };
		E044478C1AF9C84F0004E07A /* Images.xcassets in Resources */ = {isa = PBXBuildFile; fileRef = E044478B1AF9C84F0004E07A /* Images.xcassets */; };
		E044478F1AF9C84F0004E07A /* LaunchScreen.xib in Resources */ = {isa = PBXBuildFile; fileRef = E044478D1AF9C84F0004E07A /* LaunchScreen.xib */; };
		E044479B1AF9C84F0004E07A /* Innovation_PoCTests.swift in Sources */ = {isa = PBXBuildFile; fileRef = E044479A1AF9C84F0004E07A /* Innovation_PoCTests.swift */; };
		E04447AE1AF9C85C0004E07A /* InterfaceController.swift in Sources */ = {isa = PBXBuildFile; fileRef = E04447AD1AF9C85C0004E07A /* InterfaceController.swift */; };
		E04447B01AF9C85C0004E07A /* NotificationController.swift in Sources */ = {isa = PBXBuildFile; fileRef = E04447AF1AF9C85C0004E07A /* NotificationController.swift */; };
		E04447B41AF9C85C0004E07A /* Images.xcassets in Resources */ = {isa = PBXBuildFile; fileRef = E04447B31AF9C85C0004E07A /* Images.xcassets */; };
		E04447B81AF9C85C0004E07A /* Innovation PoC WatchKit App.app in Resources */ = {isa = PBXBuildFile; fileRef = E04447B71AF9C85C0004E07A /* Innovation PoC WatchKit App.app */; };
		E04447C01AF9C85D0004E07A /* Interface.storyboard in Resources */ = {isa = PBXBuildFile; fileRef = E04447BE1AF9C85D0004E07A /* Interface.storyboard */; };
		E04447C21AF9C85D0004E07A /* Images.xcassets in Resources */ = {isa = PBXBuildFile; fileRef = E04447C11AF9C85D0004E07A /* Images.xcassets */; };
		E04447C51AF9C85D0004E07A /* Innovation PoC WatchKit Extension.appex in Embed App Extensions */ = {isa = PBXBuildFile; fileRef = E04447A81AF9C85B0004E07A /* Innovation PoC WatchKit Extension.appex */; settings = {ATTRIBUTES = (RemoveHeadersOnCopy, ); }; };
		E04447CE1AF9F6870004E07A /* TapTouchDragController.swift in Sources */ = {isa = PBXBuildFile; fileRef = E04447CD1AF9F6870004E07A /* TapTouchDragController.swift */; };
		E04447D01AFA00770004E07A /* ComponentCompositionController.swift in Sources */ = {isa = PBXBuildFile; fileRef = E04447CF1AFA00770004E07A /* ComponentCompositionController.swift */; };
		E04447D21AFA059A0004E07A /* MapController.swift in Sources */ = {isa = PBXBuildFile; fileRef = E04447D11AFA059A0004E07A /* MapController.swift */; };
		E0BF195E1AFB03420081CEEB /* AnimationController.swift in Sources */ = {isa = PBXBuildFile; fileRef = E0BF195D1AFB03420081CEEB /* AnimationController.swift */; };
		F0D1AD791AFB4E60001CBEDD /* CoinKit.h in Headers */ = {isa = PBXBuildFile; fileRef = F0D1AD781AFB4E60001CBEDD /* CoinKit.h */; settings = {ATTRIBUTES = (Public, ); }; };
		F0D1AD7F1AFB4E60001CBEDD /* CoinKit.framework in Frameworks */ = {isa = PBXBuildFile; fileRef = F0D1AD741AFB4E60001CBEDD /* CoinKit.framework */; };
		F0D1AD881AFB4E60001CBEDD /* CoinKitTests.swift in Sources */ = {isa = PBXBuildFile; fileRef = F0D1AD871AFB4E60001CBEDD /* CoinKitTests.swift */; };
		F0D1AD8B1AFB4E60001CBEDD /* CoinKit.framework in Frameworks */ = {isa = PBXBuildFile; fileRef = F0D1AD741AFB4E60001CBEDD /* CoinKit.framework */; };
		F0D1AD8C1AFB4E60001CBEDD /* CoinKit.framework in Embed Frameworks */ = {isa = PBXBuildFile; fileRef = F0D1AD741AFB4E60001CBEDD /* CoinKit.framework */; settings = {ATTRIBUTES = (CodeSignOnCopy, RemoveHeadersOnCopy, ); }; };
		F0D1AD941AFB4EAC001CBEDD /* CoinKit.framework in Frameworks */ = {isa = PBXBuildFile; fileRef = F0D1AD741AFB4E60001CBEDD /* CoinKit.framework */; };
		F0D1AD951AFB4EAC001CBEDD /* CoinKit.framework in Embed Frameworks */ = {isa = PBXBuildFile; fileRef = F0D1AD741AFB4E60001CBEDD /* CoinKit.framework */; settings = {ATTRIBUTES = (CodeSignOnCopy, RemoveHeadersOnCopy, ); }; };
		F0D1AD9A1AFB4F26001CBEDD /* Coins.swift in Sources */ = {isa = PBXBuildFile; fileRef = F0D1AD991AFB4F26001CBEDD /* Coins.swift */; };
		F0D1ADA01AFB4F77001CBEDD /* CoinDetailInterfaceController.swift in Sources */ = {isa = PBXBuildFile; fileRef = F0D1AD9C1AFB4F77001CBEDD /* CoinDetailInterfaceController.swift */; };
		F0D1ADA11AFB4F77001CBEDD /* CoinGlanceInterfaceController.swift in Sources */ = {isa = PBXBuildFile; fileRef = F0D1AD9D1AFB4F77001CBEDD /* CoinGlanceInterfaceController.swift */; };
		F0D1ADA21AFB4F77001CBEDD /* CoinRow.swift in Sources */ = {isa = PBXBuildFile; fileRef = F0D1AD9E1AFB4F77001CBEDD /* CoinRow.swift */; };
		F0D1ADA31AFB4F77001CBEDD /* CoinsInterfaceController.swift in Sources */ = {isa = PBXBuildFile; fileRef = F0D1AD9F1AFB4F77001CBEDD /* CoinsInterfaceController.swift */; };
		F0E42D791AFB755D00AF15BA /* ModalScreenController.swift in Sources */ = {isa = PBXBuildFile; fileRef = F0E42D781AFB755D00AF15BA /* ModalScreenController.swift */; };
/* End PBXBuildFile section */

/* Begin PBXContainerItemProxy section */
		E04447951AF9C84F0004E07A /* PBXContainerItemProxy */ = {
			isa = PBXContainerItemProxy;
			containerPortal = E04447771AF9C84F0004E07A /* Project object */;
			proxyType = 1;
			remoteGlobalIDString = E044477E1AF9C84F0004E07A;
			remoteInfo = "Innovation PoC";
		};
		E04447B91AF9C85C0004E07A /* PBXContainerItemProxy */ = {
			isa = PBXContainerItemProxy;
			containerPortal = E04447771AF9C84F0004E07A /* Project object */;
			proxyType = 1;
			remoteGlobalIDString = E04447B61AF9C85C0004E07A;
			remoteInfo = "Innovation PoC WatchKit App";
		};
		E04447C31AF9C85D0004E07A /* PBXContainerItemProxy */ = {
			isa = PBXContainerItemProxy;
			containerPortal = E04447771AF9C84F0004E07A /* Project object */;
			proxyType = 1;
			remoteGlobalIDString = E04447A71AF9C85B0004E07A;
			remoteInfo = "Innovation PoC WatchKit Extension";
		};
		F0D1AD801AFB4E60001CBEDD /* PBXContainerItemProxy */ = {
			isa = PBXContainerItemProxy;
			containerPortal = E04447771AF9C84F0004E07A /* Project object */;
			proxyType = 1;
			remoteGlobalIDString = F0D1AD731AFB4E60001CBEDD;
			remoteInfo = CoinKit;
		};
		F0D1AD821AFB4E60001CBEDD /* PBXContainerItemProxy */ = {
			isa = PBXContainerItemProxy;
			containerPortal = E04447771AF9C84F0004E07A /* Project object */;
			proxyType = 1;
			remoteGlobalIDString = E044477E1AF9C84F0004E07A;
			remoteInfo = "Innovation PoC";
		};
		F0D1AD891AFB4E60001CBEDD /* PBXContainerItemProxy */ = {
			isa = PBXContainerItemProxy;
			containerPortal = E04447771AF9C84F0004E07A /* Project object */;
			proxyType = 1;
			remoteGlobalIDString = F0D1AD731AFB4E60001CBEDD;
			remoteInfo = CoinKit;
		};
		F0D1AD961AFB4EAC001CBEDD /* PBXContainerItemProxy */ = {
			isa = PBXContainerItemProxy;
			containerPortal = E04447771AF9C84F0004E07A /* Project object */;
			proxyType = 1;
			remoteGlobalIDString = F0D1AD731AFB4E60001CBEDD;
			remoteInfo = CoinKit;
		};
/* End PBXContainerItemProxy section */

/* Begin PBXCopyFilesBuildPhase section */
		E04447CC1AF9C85D0004E07A /* Embed App Extensions */ = {
			isa = PBXCopyFilesBuildPhase;
			buildActionMask = 2147483647;
			dstPath = "";
			dstSubfolderSpec = 13;
			files = (
				E04447C51AF9C85D0004E07A /* Innovation PoC WatchKit Extension.appex in Embed App Extensions */,
			);
			name = "Embed App Extensions";
			runOnlyForDeploymentPostprocessing = 0;
		};
		F0D1AD921AFB4E60001CBEDD /* Embed Frameworks */ = {
			isa = PBXCopyFilesBuildPhase;
			buildActionMask = 2147483647;
			dstPath = "";
			dstSubfolderSpec = 10;
			files = (
				F0D1AD8C1AFB4E60001CBEDD /* CoinKit.framework in Embed Frameworks */,
			);
			name = "Embed Frameworks";
			runOnlyForDeploymentPostprocessing = 0;
		};
		F0D1AD981AFB4EAC001CBEDD /* Embed Frameworks */ = {
			isa = PBXCopyFilesBuildPhase;
			buildActionMask = 2147483647;
			dstPath = "";
			dstSubfolderSpec = 10;
			files = (
				F0D1AD951AFB4EAC001CBEDD /* CoinKit.framework in Embed Frameworks */,
			);
			name = "Embed Frameworks";
			runOnlyForDeploymentPostprocessing = 0;
		};
/* End PBXCopyFilesBuildPhase section */

/* Begin PBXFileReference section */
		E044477F1AF9C84F0004E07A /* Innovation PoC.app */ = {isa = PBXFileReference; explicitFileType = wrapper.application; includeInIndex = 0; path = "Innovation PoC.app"; sourceTree = BUILT_PRODUCTS_DIR; };
		E04447831AF9C84F0004E07A /* Info.plist */ = {isa = PBXFileReference; lastKnownFileType = text.plist.xml; path = Info.plist; sourceTree = "<group>"; };
		E04447841AF9C84F0004E07A /* AppDelegate.swift */ = {isa = PBXFileReference; lastKnownFileType = sourcecode.swift; path = AppDelegate.swift; sourceTree = "<group>"; };
		E04447861AF9C84F0004E07A /* ViewController.swift */ = {isa = PBXFileReference; lastKnownFileType = sourcecode.swift; path = ViewController.swift; sourceTree = "<group>"; };
		E04447891AF9C84F0004E07A /* Base */ = {isa = PBXFileReference; lastKnownFileType = file.storyboard; name = Base; path = Base.lproj/Main.storyboard; sourceTree = "<group>"; };
		E044478B1AF9C84F0004E07A /* Images.xcassets */ = {isa = PBXFileReference; lastKnownFileType = folder.assetcatalog; path = Images.xcassets; sourceTree = "<group>"; };
		E044478E1AF9C84F0004E07A /* Base */ = {isa = PBXFileReference; lastKnownFileType = file.xib; name = Base; path = Base.lproj/LaunchScreen.xib; sourceTree = "<group>"; };
		E04447941AF9C84F0004E07A /* Innovation PoCTests.xctest */ = {isa = PBXFileReference; explicitFileType = wrapper.cfbundle; includeInIndex = 0; path = "Innovation PoCTests.xctest"; sourceTree = BUILT_PRODUCTS_DIR; };
		E04447991AF9C84F0004E07A /* Info.plist */ = {isa = PBXFileReference; lastKnownFileType = text.plist.xml; path = Info.plist; sourceTree = "<group>"; };
		E044479A1AF9C84F0004E07A /* Innovation_PoCTests.swift */ = {isa = PBXFileReference; lastKnownFileType = sourcecode.swift; path = Innovation_PoCTests.swift; sourceTree = "<group>"; };
		E04447A81AF9C85B0004E07A /* Innovation PoC WatchKit Extension.appex */ = {isa = PBXFileReference; explicitFileType = "wrapper.app-extension"; includeInIndex = 0; path = "Innovation PoC WatchKit Extension.appex"; sourceTree = BUILT_PRODUCTS_DIR; };
		E04447AB1AF9C85C0004E07A /* Info.plist */ = {isa = PBXFileReference; lastKnownFileType = text.plist.xml; path = Info.plist; sourceTree = "<group>"; };
		E04447AC1AF9C85C0004E07A /* PushNotificationPayload.apns */ = {isa = PBXFileReference; lastKnownFileType = text; path = PushNotificationPayload.apns; sourceTree = "<group>"; };
		E04447AD1AF9C85C0004E07A /* InterfaceController.swift */ = {isa = PBXFileReference; lastKnownFileType = sourcecode.swift; path = InterfaceController.swift; sourceTree = "<group>"; };
		E04447AF1AF9C85C0004E07A /* NotificationController.swift */ = {isa = PBXFileReference; lastKnownFileType = sourcecode.swift; path = NotificationController.swift; sourceTree = "<group>"; };
		E04447B31AF9C85C0004E07A /* Images.xcassets */ = {isa = PBXFileReference; lastKnownFileType = folder.assetcatalog; path = Images.xcassets; sourceTree = "<group>"; };
		E04447B71AF9C85C0004E07A /* Innovation PoC WatchKit App.app */ = {isa = PBXFileReference; explicitFileType = wrapper.application; includeInIndex = 0; path = "Innovation PoC WatchKit App.app"; sourceTree = BUILT_PRODUCTS_DIR; };
		E04447BD1AF9C85D0004E07A /* Info.plist */ = {isa = PBXFileReference; lastKnownFileType = text.plist.xml; path = Info.plist; sourceTree = "<group>"; };
		E04447BF1AF9C85D0004E07A /* Base */ = {isa = PBXFileReference; lastKnownFileType = file.storyboard; name = Base; path = Base.lproj/Interface.storyboard; sourceTree = "<group>"; };
		E04447C11AF9C85D0004E07A /* Images.xcassets */ = {isa = PBXFileReference; lastKnownFileType = folder.assetcatalog; path = Images.xcassets; sourceTree = "<group>"; };
		E04447CD1AF9F6870004E07A /* TapTouchDragController.swift */ = {isa = PBXFileReference; fileEncoding = 4; lastKnownFileType = sourcecode.swift; path = TapTouchDragController.swift; sourceTree = "<group>"; };
		E04447CF1AFA00770004E07A /* ComponentCompositionController.swift */ = {isa = PBXFileReference; fileEncoding = 4; lastKnownFileType = sourcecode.swift; path = ComponentCompositionController.swift; sourceTree = "<group>"; };
		E04447D11AFA059A0004E07A /* MapController.swift */ = {isa = PBXFileReference; fileEncoding = 4; lastKnownFileType = sourcecode.swift; path = MapController.swift; sourceTree = "<group>"; };
		E0BF195D1AFB03420081CEEB /* AnimationController.swift */ = {isa = PBXFileReference; fileEncoding = 4; lastKnownFileType = sourcecode.swift; path = AnimationController.swift; sourceTree = "<group>"; };
		F0D1AD741AFB4E60001CBEDD /* CoinKit.framework */ = {isa = PBXFileReference; explicitFileType = wrapper.framework; includeInIndex = 0; path = CoinKit.framework; sourceTree = BUILT_PRODUCTS_DIR; };
		F0D1AD771AFB4E60001CBEDD /* Info.plist */ = {isa = PBXFileReference; lastKnownFileType = text.plist.xml; path = Info.plist; sourceTree = "<group>"; };
		F0D1AD781AFB4E60001CBEDD /* CoinKit.h */ = {isa = PBXFileReference; lastKnownFileType = sourcecode.c.h; path = CoinKit.h; sourceTree = "<group>"; };
		F0D1AD7E1AFB4E60001CBEDD /* CoinKitTests.xctest */ = {isa = PBXFileReference; explicitFileType = wrapper.cfbundle; includeInIndex = 0; path = CoinKitTests.xctest; sourceTree = BUILT_PRODUCTS_DIR; };
		F0D1AD861AFB4E60001CBEDD /* Info.plist */ = {isa = PBXFileReference; lastKnownFileType = text.plist.xml; path = Info.plist; sourceTree = "<group>"; };
		F0D1AD871AFB4E60001CBEDD /* CoinKitTests.swift */ = {isa = PBXFileReference; lastKnownFileType = sourcecode.swift; path = CoinKitTests.swift; sourceTree = "<group>"; };
		F0D1AD991AFB4F26001CBEDD /* Coins.swift */ = {isa = PBXFileReference; fileEncoding = 4; lastKnownFileType = sourcecode.swift; path = Coins.swift; sourceTree = "<group>"; };
		F0D1AD9C1AFB4F77001CBEDD /* CoinDetailInterfaceController.swift */ = {isa = PBXFileReference; fileEncoding = 4; lastKnownFileType = sourcecode.swift; name = CoinDetailInterfaceController.swift; path = Coins/CoinDetailInterfaceController.swift; sourceTree = "<group>"; };
		F0D1AD9D1AFB4F77001CBEDD /* CoinGlanceInterfaceController.swift */ = {isa = PBXFileReference; fileEncoding = 4; lastKnownFileType = sourcecode.swift; name = CoinGlanceInterfaceController.swift; path = Coins/CoinGlanceInterfaceController.swift; sourceTree = "<group>"; };
		F0D1AD9E1AFB4F77001CBEDD /* CoinRow.swift */ = {isa = PBXFileReference; fileEncoding = 4; lastKnownFileType = sourcecode.swift; name = CoinRow.swift; path = Coins/CoinRow.swift; sourceTree = "<group>"; };
		F0D1AD9F1AFB4F77001CBEDD /* CoinsInterfaceController.swift */ = {isa = PBXFileReference; fileEncoding = 4; lastKnownFileType = sourcecode.swift; name = CoinsInterfaceController.swift; path = Coins/CoinsInterfaceController.swift; sourceTree = "<group>"; };
		F0E42D781AFB755D00AF15BA /* ModalScreenController.swift */ = {isa = PBXFileReference; fileEncoding = 4; lastKnownFileType = sourcecode.swift; path = ModalScreenController.swift; sourceTree = "<group>"; };
/* End PBXFileReference section */

/* Begin PBXFrameworksBuildPhase section */
		E044477C1AF9C84F0004E07A /* Frameworks */ = {
			isa = PBXFrameworksBuildPhase;
			buildActionMask = 2147483647;
			files = (
				F0D1AD8B1AFB4E60001CBEDD /* CoinKit.framework in Frameworks */,
			);
			runOnlyForDeploymentPostprocessing = 0;
		};
		E04447911AF9C84F0004E07A /* Frameworks */ = {
			isa = PBXFrameworksBuildPhase;
			buildActionMask = 2147483647;
			files = (
			);
			runOnlyForDeploymentPostprocessing = 0;
		};
		E04447A51AF9C85B0004E07A /* Frameworks */ = {
			isa = PBXFrameworksBuildPhase;
			buildActionMask = 2147483647;
			files = (
				F0D1AD941AFB4EAC001CBEDD /* CoinKit.framework in Frameworks */,
			);
			runOnlyForDeploymentPostprocessing = 0;
		};
		F0D1AD701AFB4E60001CBEDD /* Frameworks */ = {
			isa = PBXFrameworksBuildPhase;
			buildActionMask = 2147483647;
			files = (
			);
			runOnlyForDeploymentPostprocessing = 0;
		};
		F0D1AD7B1AFB4E60001CBEDD /* Frameworks */ = {
			isa = PBXFrameworksBuildPhase;
			buildActionMask = 2147483647;
			files = (
				F0D1AD7F1AFB4E60001CBEDD /* CoinKit.framework in Frameworks */,
			);
			runOnlyForDeploymentPostprocessing = 0;
		};
/* End PBXFrameworksBuildPhase section */

/* Begin PBXGroup section */
		E04447761AF9C84F0004E07A = {
			isa = PBXGroup;
			children = (
				E04447811AF9C84F0004E07A /* Innovation PoC */,
				E04447971AF9C84F0004E07A /* Innovation PoCTests */,
				E04447A91AF9C85B0004E07A /* Innovation PoC WatchKit Extension */,
				E04447BB1AF9C85C0004E07A /* Innovation PoC WatchKit App */,
				F0D1AD751AFB4E60001CBEDD /* CoinKit */,
				F0D1AD841AFB4E60001CBEDD /* CoinKitTests */,
				E04447801AF9C84F0004E07A /* Products */,
			);
			sourceTree = "<group>";
		};
		E04447801AF9C84F0004E07A /* Products */ = {
			isa = PBXGroup;
			children = (
				E044477F1AF9C84F0004E07A /* Innovation PoC.app */,
				E04447941AF9C84F0004E07A /* Innovation PoCTests.xctest */,
				E04447A81AF9C85B0004E07A /* Innovation PoC WatchKit Extension.appex */,
				E04447B71AF9C85C0004E07A /* Innovation PoC WatchKit App.app */,
				F0D1AD741AFB4E60001CBEDD /* CoinKit.framework */,
				F0D1AD7E1AFB4E60001CBEDD /* CoinKitTests.xctest */,
			);
			name = Products;
			sourceTree = "<group>";
		};
		E04447811AF9C84F0004E07A /* Innovation PoC */ = {
			isa = PBXGroup;
			children = (
				E04447841AF9C84F0004E07A /* AppDelegate.swift */,
				E04447861AF9C84F0004E07A /* ViewController.swift */,
				E04447881AF9C84F0004E07A /* Main.storyboard */,
				E044478B1AF9C84F0004E07A /* Images.xcassets */,
				E044478D1AF9C84F0004E07A /* LaunchScreen.xib */,
				E04447821AF9C84F0004E07A /* Supporting Files */,
			);
			path = "Innovation PoC";
			sourceTree = "<group>";
		};
		E04447821AF9C84F0004E07A /* Supporting Files */ = {
			isa = PBXGroup;
			children = (
				E04447831AF9C84F0004E07A /* Info.plist */,
			);
			name = "Supporting Files";
			sourceTree = "<group>";
		};
		E04447971AF9C84F0004E07A /* Innovation PoCTests */ = {
			isa = PBXGroup;
			children = (
				E044479A1AF9C84F0004E07A /* Innovation_PoCTests.swift */,
				E04447981AF9C84F0004E07A /* Supporting Files */,
			);
			path = "Innovation PoCTests";
			sourceTree = "<group>";
		};
		E04447981AF9C84F0004E07A /* Supporting Files */ = {
			isa = PBXGroup;
			children = (
				E04447991AF9C84F0004E07A /* Info.plist */,
			);
			name = "Supporting Files";
			sourceTree = "<group>";
		};
		E04447A91AF9C85B0004E07A /* Innovation PoC WatchKit Extension */ = {
			isa = PBXGroup;
			children = (
				F0D1AD9B1AFB4F68001CBEDD /* Coins */,
				E04447AD1AF9C85C0004E07A /* InterfaceController.swift */,
				E04447AF1AF9C85C0004E07A /* NotificationController.swift */,
				E04447B31AF9C85C0004E07A /* Images.xcassets */,
				E04447AA1AF9C85C0004E07A /* Supporting Files */,
				E04447CD1AF9F6870004E07A /* TapTouchDragController.swift */,
				E04447CF1AFA00770004E07A /* ComponentCompositionController.swift */,
				E04447D11AFA059A0004E07A /* MapController.swift */,
				E0BF195D1AFB03420081CEEB /* AnimationController.swift */,
				F0E42D781AFB755D00AF15BA /* ModalScreenController.swift */,
			);
			path = "Innovation PoC WatchKit Extension";
			sourceTree = "<group>";
		};
		E04447AA1AF9C85C0004E07A /* Supporting Files */ = {
			isa = PBXGroup;
			children = (
				E04447AB1AF9C85C0004E07A /* Info.plist */,
				E04447AC1AF9C85C0004E07A /* PushNotificationPayload.apns */,
			);
			name = "Supporting Files";
			sourceTree = "<group>";
		};
		E04447BB1AF9C85C0004E07A /* Innovation PoC WatchKit App */ = {
			isa = PBXGroup;
			children = (
				E04447BE1AF9C85D0004E07A /* Interface.storyboard */,
				E04447C11AF9C85D0004E07A /* Images.xcassets */,
				E04447BC1AF9C85D0004E07A /* Supporting Files */,
			);
			path = "Innovation PoC WatchKit App";
			sourceTree = "<group>";
		};
		E04447BC1AF9C85D0004E07A /* Supporting Files */ = {
			isa = PBXGroup;
			children = (
				E04447BD1AF9C85D0004E07A /* Info.plist */,
			);
			name = "Supporting Files";
			sourceTree = "<group>";
		};
		F0D1AD751AFB4E60001CBEDD /* CoinKit */ = {
			isa = PBXGroup;
			children = (
				F0D1AD991AFB4F26001CBEDD /* Coins.swift */,
				F0D1AD781AFB4E60001CBEDD /* CoinKit.h */,
				F0D1AD761AFB4E60001CBEDD /* Supporting Files */,
			);
			path = CoinKit;
			sourceTree = "<group>";
		};
		F0D1AD761AFB4E60001CBEDD /* Supporting Files */ = {
			isa = PBXGroup;
			children = (
				F0D1AD771AFB4E60001CBEDD /* Info.plist */,
			);
			name = "Supporting Files";
			sourceTree = "<group>";
		};
		F0D1AD841AFB4E60001CBEDD /* CoinKitTests */ = {
			isa = PBXGroup;
			children = (
				F0D1AD871AFB4E60001CBEDD /* CoinKitTests.swift */,
				F0D1AD851AFB4E60001CBEDD /* Supporting Files */,
			);
			path = CoinKitTests;
			sourceTree = "<group>";
		};
		F0D1AD851AFB4E60001CBEDD /* Supporting Files */ = {
			isa = PBXGroup;
			children = (
				F0D1AD861AFB4E60001CBEDD /* Info.plist */,
			);
			name = "Supporting Files";
			sourceTree = "<group>";
		};
		F0D1AD9B1AFB4F68001CBEDD /* Coins */ = {
			isa = PBXGroup;
			children = (
				F0D1AD9C1AFB4F77001CBEDD /* CoinDetailInterfaceController.swift */,
				F0D1AD9D1AFB4F77001CBEDD /* CoinGlanceInterfaceController.swift */,
				F0D1AD9E1AFB4F77001CBEDD /* CoinRow.swift */,
				F0D1AD9F1AFB4F77001CBEDD /* CoinsInterfaceController.swift */,
			);
			name = Coins;
			sourceTree = "<group>";
		};
/* End PBXGroup section */

/* Begin PBXHeadersBuildPhase section */
		F0D1AD711AFB4E60001CBEDD /* Headers */ = {
			isa = PBXHeadersBuildPhase;
			buildActionMask = 2147483647;
			files = (
				F0D1AD791AFB4E60001CBEDD /* CoinKit.h in Headers */,
			);
			runOnlyForDeploymentPostprocessing = 0;
		};
/* End PBXHeadersBuildPhase section */

/* Begin PBXNativeTarget section */
		E044477E1AF9C84F0004E07A /* Innovation PoC */ = {
			isa = PBXNativeTarget;
			buildConfigurationList = E044479E1AF9C84F0004E07A /* Build configuration list for PBXNativeTarget "Innovation PoC" */;
			buildPhases = (
				E044477B1AF9C84F0004E07A /* Sources */,
				E044477C1AF9C84F0004E07A /* Frameworks */,
				E044477D1AF9C84F0004E07A /* Resources */,
				E04447CC1AF9C85D0004E07A /* Embed App Extensions */,
				F0D1AD921AFB4E60001CBEDD /* Embed Frameworks */,
			);
			buildRules = (
			);
			dependencies = (
				E04447C41AF9C85D0004E07A /* PBXTargetDependency */,
				F0D1AD8A1AFB4E60001CBEDD /* PBXTargetDependency */,
			);
			name = "Innovation PoC";
			productName = "Innovation PoC";
			productReference = E044477F1AF9C84F0004E07A /* Innovation PoC.app */;
			productType = "com.apple.product-type.application";
		};
		E04447931AF9C84F0004E07A /* Innovation PoCTests */ = {
			isa = PBXNativeTarget;
			buildConfigurationList = E04447A11AF9C84F0004E07A /* Build configuration list for PBXNativeTarget "Innovation PoCTests" */;
			buildPhases = (
				E04447901AF9C84F0004E07A /* Sources */,
				E04447911AF9C84F0004E07A /* Frameworks */,
				E04447921AF9C84F0004E07A /* Resources */,
			);
			buildRules = (
			);
			dependencies = (
				E04447961AF9C84F0004E07A /* PBXTargetDependency */,
			);
			name = "Innovation PoCTests";
			productName = "Innovation PoCTests";
			productReference = E04447941AF9C84F0004E07A /* Innovation PoCTests.xctest */;
			productType = "com.apple.product-type.bundle.unit-test";
		};
		E04447A71AF9C85B0004E07A /* Innovation PoC WatchKit Extension */ = {
			isa = PBXNativeTarget;
			buildConfigurationList = E04447C91AF9C85D0004E07A /* Build configuration list for PBXNativeTarget "Innovation PoC WatchKit Extension" */;
			buildPhases = (
				E04447A41AF9C85B0004E07A /* Sources */,
				E04447A51AF9C85B0004E07A /* Frameworks */,
				E04447A61AF9C85B0004E07A /* Resources */,
				F0D1AD981AFB4EAC001CBEDD /* Embed Frameworks */,
			);
			buildRules = (
			);
			dependencies = (
				E04447BA1AF9C85C0004E07A /* PBXTargetDependency */,
				F0D1AD971AFB4EAC001CBEDD /* PBXTargetDependency */,
			);
			name = "Innovation PoC WatchKit Extension";
			productName = "Innovation PoC WatchKit Extension";
			productReference = E04447A81AF9C85B0004E07A /* Innovation PoC WatchKit Extension.appex */;
			productType = "com.apple.product-type.watchkit-extension";
		};
		E04447B61AF9C85C0004E07A /* Innovation PoC WatchKit App */ = {
			isa = PBXNativeTarget;
			buildConfigurationList = E04447C61AF9C85D0004E07A /* Build configuration list for PBXNativeTarget "Innovation PoC WatchKit App" */;
			buildPhases = (
				E04447B51AF9C85C0004E07A /* Resources */,
			);
			buildRules = (
			);
			dependencies = (
			);
			name = "Innovation PoC WatchKit App";
			productName = "Innovation PoC WatchKit App";
			productReference = E04447B71AF9C85C0004E07A /* Innovation PoC WatchKit App.app */;
			productType = "com.apple.product-type.application.watchapp";
		};
		F0D1AD731AFB4E60001CBEDD /* CoinKit */ = {
			isa = PBXNativeTarget;
			buildConfigurationList = F0D1AD911AFB4E60001CBEDD /* Build configuration list for PBXNativeTarget "CoinKit" */;
			buildPhases = (
				F0D1AD6F1AFB4E60001CBEDD /* Sources */,
				F0D1AD701AFB4E60001CBEDD /* Frameworks */,
				F0D1AD711AFB4E60001CBEDD /* Headers */,
				F0D1AD721AFB4E60001CBEDD /* Resources */,
			);
			buildRules = (
			);
			dependencies = (
			);
			name = CoinKit;
			productName = CoinKit;
			productReference = F0D1AD741AFB4E60001CBEDD /* CoinKit.framework */;
			productType = "com.apple.product-type.framework";
		};
		F0D1AD7D1AFB4E60001CBEDD /* CoinKitTests */ = {
			isa = PBXNativeTarget;
			buildConfigurationList = F0D1AD931AFB4E60001CBEDD /* Build configuration list for PBXNativeTarget "CoinKitTests" */;
			buildPhases = (
				F0D1AD7A1AFB4E60001CBEDD /* Sources */,
				F0D1AD7B1AFB4E60001CBEDD /* Frameworks */,
				F0D1AD7C1AFB4E60001CBEDD /* Resources */,
			);
			buildRules = (
			);
			dependencies = (
				F0D1AD811AFB4E60001CBEDD /* PBXTargetDependency */,
				F0D1AD831AFB4E60001CBEDD /* PBXTargetDependency */,
			);
			name = CoinKitTests;
			productName = CoinKitTests;
			productReference = F0D1AD7E1AFB4E60001CBEDD /* CoinKitTests.xctest */;
			productType = "com.apple.product-type.bundle.unit-test";
		};
/* End PBXNativeTarget section */

/* Begin PBXProject section */
		E04447771AF9C84F0004E07A /* Project object */ = {
			isa = PBXProject;
			attributes = {
				LastUpgradeCheck = 0630;
				ORGANIZATIONNAME = "Photon Interactive";
				TargetAttributes = {
					E044477E1AF9C84F0004E07A = {
						CreatedOnToolsVersion = 6.3.1;
					};
					E04447931AF9C84F0004E07A = {
						CreatedOnToolsVersion = 6.3.1;
						TestTargetID = E044477E1AF9C84F0004E07A;
					};
					E04447A71AF9C85B0004E07A = {
						CreatedOnToolsVersion = 6.3.1;
					};
					E04447B61AF9C85C0004E07A = {
						CreatedOnToolsVersion = 6.3.1;
					};
					F0D1AD731AFB4E60001CBEDD = {
						CreatedOnToolsVersion = 6.3.1;
					};
					F0D1AD7D1AFB4E60001CBEDD = {
						CreatedOnToolsVersion = 6.3.1;
						TestTargetID = E044477E1AF9C84F0004E07A;
					};
				};
			};
			buildConfigurationList = E044477A1AF9C84F0004E07A /* Build configuration list for PBXProject "Innovation PoC" */;
			compatibilityVersion = "Xcode 3.2";
			developmentRegion = English;
			hasScannedForEncodings = 0;
			knownRegions = (
				en,
				Base,
			);
			mainGroup = E04447761AF9C84F0004E07A;
			productRefGroup = E04447801AF9C84F0004E07A /* Products */;
			projectDirPath = "";
			projectRoot = "";
			targets = (
				E044477E1AF9C84F0004E07A /* Innovation PoC */,
				E04447931AF9C84F0004E07A /* Innovation PoCTests */,
				E04447A71AF9C85B0004E07A /* Innovation PoC WatchKit Extension */,
				E04447B61AF9C85C0004E07A /* Innovation PoC WatchKit App */,
				F0D1AD731AFB4E60001CBEDD /* CoinKit */,
				F0D1AD7D1AFB4E60001CBEDD /* CoinKitTests */,
			);
		};
/* End PBXProject section */

/* Begin PBXResourcesBuildPhase section */
		E044477D1AF9C84F0004E07A /* Resources */ = {
			isa = PBXResourcesBuildPhase;
			buildActionMask = 2147483647;
			files = (
				E044478A1AF9C84F0004E07A /* Main.storyboard in Resources */,
				E044478F1AF9C84F0004E07A /* LaunchScreen.xib in Resources */,
				E044478C1AF9C84F0004E07A /* Images.xcassets in Resources */,
			);
			runOnlyForDeploymentPostprocessing = 0;
		};
		E04447921AF9C84F0004E07A /* Resources */ = {
			isa = PBXResourcesBuildPhase;
			buildActionMask = 2147483647;
			files = (
			);
			runOnlyForDeploymentPostprocessing = 0;
		};
		E04447A61AF9C85B0004E07A /* Resources */ = {
			isa = PBXResourcesBuildPhase;
			buildActionMask = 2147483647;
			files = (
				E04447B41AF9C85C0004E07A /* Images.xcassets in Resources */,
				E04447B81AF9C85C0004E07A /* Innovation PoC WatchKit App.app in Resources */,
			);
			runOnlyForDeploymentPostprocessing = 0;
		};
		E04447B51AF9C85C0004E07A /* Resources */ = {
			isa = PBXResourcesBuildPhase;
			buildActionMask = 2147483647;
			files = (
				E04447C01AF9C85D0004E07A /* Interface.storyboard in Resources */,
				E04447C21AF9C85D0004E07A /* Images.xcassets in Resources */,
			);
			runOnlyForDeploymentPostprocessing = 0;
		};
		F0D1AD721AFB4E60001CBEDD /* Resources */ = {
			isa = PBXResourcesBuildPhase;
			buildActionMask = 2147483647;
			files = (
			);
			runOnlyForDeploymentPostprocessing = 0;
		};
		F0D1AD7C1AFB4E60001CBEDD /* Resources */ = {
			isa = PBXResourcesBuildPhase;
			buildActionMask = 2147483647;
			files = (
			);
			runOnlyForDeploymentPostprocessing = 0;
		};
/* End PBXResourcesBuildPhase section */

/* Begin PBXSourcesBuildPhase section */
		E044477B1AF9C84F0004E07A /* Sources */ = {
			isa = PBXSourcesBuildPhase;
			buildActionMask = 2147483647;
			files = (
				E04447871AF9C84F0004E07A /* ViewController.swift in Sources */,
				E04447851AF9C84F0004E07A /* AppDelegate.swift in Sources */,
			);
			runOnlyForDeploymentPostprocessing = 0;
		};
		E04447901AF9C84F0004E07A /* Sources */ = {
			isa = PBXSourcesBuildPhase;
			buildActionMask = 2147483647;
			files = (
				E044479B1AF9C84F0004E07A /* Innovation_PoCTests.swift in Sources */,
			);
			runOnlyForDeploymentPostprocessing = 0;
		};
		E04447A41AF9C85B0004E07A /* Sources */ = {
			isa = PBXSourcesBuildPhase;
			buildActionMask = 2147483647;
			files = (
				E04447B01AF9C85C0004E07A /* NotificationController.swift in Sources */,
				E04447CE1AF9F6870004E07A /* TapTouchDragController.swift in Sources */,
				E04447D01AFA00770004E07A /* ComponentCompositionController.swift in Sources */,
				F0D1ADA21AFB4F77001CBEDD /* CoinRow.swift in Sources */,
				E04447AE1AF9C85C0004E07A /* InterfaceController.swift in Sources */,
				E0BF195E1AFB03420081CEEB /* AnimationController.swift in Sources */,
				F0E42D791AFB755D00AF15BA /* ModalScreenController.swift in Sources */,
				F0D1ADA11AFB4F77001CBEDD /* CoinGlanceInterfaceController.swift in Sources */,
				E04447D21AFA059A0004E07A /* MapController.swift in Sources */,
				F0D1ADA31AFB4F77001CBEDD /* CoinsInterfaceController.swift in Sources */,
				F0D1ADA01AFB4F77001CBEDD /* CoinDetailInterfaceController.swift in Sources */,
			);
			runOnlyForDeploymentPostprocessing = 0;
		};
		F0D1AD6F1AFB4E60001CBEDD /* Sources */ = {
			isa = PBXSourcesBuildPhase;
			buildActionMask = 2147483647;
			files = (
				F0D1AD9A1AFB4F26001CBEDD /* Coins.swift in Sources */,
			);
			runOnlyForDeploymentPostprocessing = 0;
		};
		F0D1AD7A1AFB4E60001CBEDD /* Sources */ = {
			isa = PBXSourcesBuildPhase;
			buildActionMask = 2147483647;
			files = (
				F0D1AD881AFB4E60001CBEDD /* CoinKitTests.swift in Sources */,
			);
			runOnlyForDeploymentPostprocessing = 0;
		};
/* End PBXSourcesBuildPhase section */

/* Begin PBXTargetDependency section */
		E04447961AF9C84F0004E07A /* PBXTargetDependency */ = {
			isa = PBXTargetDependency;
			target = E044477E1AF9C84F0004E07A /* Innovation PoC */;
			targetProxy = E04447951AF9C84F0004E07A /* PBXContainerItemProxy */;
		};
		E04447BA1AF9C85C0004E07A /* PBXTargetDependency */ = {
			isa = PBXTargetDependency;
			target = E04447B61AF9C85C0004E07A /* Innovation PoC WatchKit App */;
			targetProxy = E04447B91AF9C85C0004E07A /* PBXContainerItemProxy */;
		};
		E04447C41AF9C85D0004E07A /* PBXTargetDependency */ = {
			isa = PBXTargetDependency;
			target = E04447A71AF9C85B0004E07A /* Innovation PoC WatchKit Extension */;
			targetProxy = E04447C31AF9C85D0004E07A /* PBXContainerItemProxy */;
		};
		F0D1AD811AFB4E60001CBEDD /* PBXTargetDependency */ = {
			isa = PBXTargetDependency;
			target = F0D1AD731AFB4E60001CBEDD /* CoinKit */;
			targetProxy = F0D1AD801AFB4E60001CBEDD /* PBXContainerItemProxy */;
		};
		F0D1AD831AFB4E60001CBEDD /* PBXTargetDependency */ = {
			isa = PBXTargetDependency;
			target = E044477E1AF9C84F0004E07A /* Innovation PoC */;
			targetProxy = F0D1AD821AFB4E60001CBEDD /* PBXContainerItemProxy */;
		};
		F0D1AD8A1AFB4E60001CBEDD /* PBXTargetDependency */ = {
			isa = PBXTargetDependency;
			target = F0D1AD731AFB4E60001CBEDD /* CoinKit */;
			targetProxy = F0D1AD891AFB4E60001CBEDD /* PBXContainerItemProxy */;
		};
		F0D1AD971AFB4EAC001CBEDD /* PBXTargetDependency */ = {
			isa = PBXTargetDependency;
			target = F0D1AD731AFB4E60001CBEDD /* CoinKit */;
			targetProxy = F0D1AD961AFB4EAC001CBEDD /* PBXContainerItemProxy */;
		};
/* End PBXTargetDependency section */

/* Begin PBXVariantGroup section */
		E04447881AF9C84F0004E07A /* Main.storyboard */ = {
			isa = PBXVariantGroup;
			children = (
				E04447891AF9C84F0004E07A /* Base */,
			);
			name = Main.storyboard;
			sourceTree = "<group>";
		};
		E044478D1AF9C84F0004E07A /* LaunchScreen.xib */ = {
			isa = PBXVariantGroup;
			children = (
				E044478E1AF9C84F0004E07A /* Base */,
			);
			name = LaunchScreen.xib;
			sourceTree = "<group>";
		};
		E04447BE1AF9C85D0004E07A /* Interface.storyboard */ = {
			isa = PBXVariantGroup;
			children = (
				E04447BF1AF9C85D0004E07A /* Base */,
			);
			name = Interface.storyboard;
			sourceTree = "<group>";
		};
/* End PBXVariantGroup section */

/* Begin XCBuildConfiguration section */
		E044479C1AF9C84F0004E07A /* Debug */ = {
			isa = XCBuildConfiguration;
			buildSettings = {
				ALWAYS_SEARCH_USER_PATHS = NO;
				CLANG_CXX_LANGUAGE_STANDARD = "gnu++0x";
				CLANG_CXX_LIBRARY = "libc++";
				CLANG_ENABLE_MODULES = YES;
				CLANG_ENABLE_OBJC_ARC = YES;
				CLANG_WARN_BOOL_CONVERSION = YES;
				CLANG_WARN_CONSTANT_CONVERSION = YES;
				CLANG_WARN_DIRECT_OBJC_ISA_USAGE = YES_ERROR;
				CLANG_WARN_EMPTY_BODY = YES;
				CLANG_WARN_ENUM_CONVERSION = YES;
				CLANG_WARN_INT_CONVERSION = YES;
				CLANG_WARN_OBJC_ROOT_CLASS = YES_ERROR;
				CLANG_WARN_UNREACHABLE_CODE = YES;
				CLANG_WARN__DUPLICATE_METHOD_MATCH = YES;
				"CODE_SIGN_IDENTITY[sdk=iphoneos*]" = "iPhone Developer";
				COPY_PHASE_STRIP = NO;
				DEBUG_INFORMATION_FORMAT = "dwarf-with-dsym";
				ENABLE_STRICT_OBJC_MSGSEND = YES;
				GCC_C_LANGUAGE_STANDARD = gnu99;
				GCC_DYNAMIC_NO_PIC = NO;
				GCC_NO_COMMON_BLOCKS = YES;
				GCC_OPTIMIZATION_LEVEL = 0;
				GCC_PREPROCESSOR_DEFINITIONS = (
					"DEBUG=1",
					"$(inherited)",
				);
				GCC_SYMBOLS_PRIVATE_EXTERN = NO;
				GCC_WARN_64_TO_32_BIT_CONVERSION = YES;
				GCC_WARN_ABOUT_RETURN_TYPE = YES_ERROR;
				GCC_WARN_UNDECLARED_SELECTOR = YES;
				GCC_WARN_UNINITIALIZED_AUTOS = YES_AGGRESSIVE;
				GCC_WARN_UNUSED_FUNCTION = YES;
				GCC_WARN_UNUSED_VARIABLE = YES;
				IPHONEOS_DEPLOYMENT_TARGET = 8.3;
				MTL_ENABLE_DEBUG_INFO = YES;
				ONLY_ACTIVE_ARCH = YES;
				SDKROOT = iphoneos;
				SWIFT_OPTIMIZATION_LEVEL = "-Onone";
			};
			name = Debug;
		};
		E044479D1AF9C84F0004E07A /* Release */ = {
			isa = XCBuildConfiguration;
			buildSettings = {
				ALWAYS_SEARCH_USER_PATHS = NO;
				CLANG_CXX_LANGUAGE_STANDARD = "gnu++0x";
				CLANG_CXX_LIBRARY = "libc++";
				CLANG_ENABLE_MODULES = YES;
				CLANG_ENABLE_OBJC_ARC = YES;
				CLANG_WARN_BOOL_CONVERSION = YES;
				CLANG_WARN_CONSTANT_CONVERSION = YES;
				CLANG_WARN_DIRECT_OBJC_ISA_USAGE = YES_ERROR;
				CLANG_WARN_EMPTY_BODY = YES;
				CLANG_WARN_ENUM_CONVERSION = YES;
				CLANG_WARN_INT_CONVERSION = YES;
				CLANG_WARN_OBJC_ROOT_CLASS = YES_ERROR;
				CLANG_WARN_UNREACHABLE_CODE = YES;
				CLANG_WARN__DUPLICATE_METHOD_MATCH = YES;
				"CODE_SIGN_IDENTITY[sdk=iphoneos*]" = "iPhone Developer";
				COPY_PHASE_STRIP = NO;
				DEBUG_INFORMATION_FORMAT = "dwarf-with-dsym";
				ENABLE_NS_ASSERTIONS = NO;
				ENABLE_STRICT_OBJC_MSGSEND = YES;
				GCC_C_LANGUAGE_STANDARD = gnu99;
				GCC_NO_COMMON_BLOCKS = YES;
				GCC_WARN_64_TO_32_BIT_CONVERSION = YES;
				GCC_WARN_ABOUT_RETURN_TYPE = YES_ERROR;
				GCC_WARN_UNDECLARED_SELECTOR = YES;
				GCC_WARN_UNINITIALIZED_AUTOS = YES_AGGRESSIVE;
				GCC_WARN_UNUSED_FUNCTION = YES;
				GCC_WARN_UNUSED_VARIABLE = YES;
				IPHONEOS_DEPLOYMENT_TARGET = 8.3;
				MTL_ENABLE_DEBUG_INFO = NO;
				SDKROOT = iphoneos;
				VALIDATE_PRODUCT = YES;
			};
			name = Release;
		};
		E044479F1AF9C84F0004E07A /* Debug */ = {
			isa = XCBuildConfiguration;
			buildSettings = {
				ASSETCATALOG_COMPILER_APPICON_NAME = AppIcon;
				INFOPLIST_FILE = "Innovation PoC/Info.plist";
				LD_RUNPATH_SEARCH_PATHS = "$(inherited) @executable_path/Frameworks";
				PRODUCT_NAME = "$(TARGET_NAME)";
			};
			name = Debug;
		};
		E04447A01AF9C84F0004E07A /* Release */ = {
			isa = XCBuildConfiguration;
			buildSettings = {
				ASSETCATALOG_COMPILER_APPICON_NAME = AppIcon;
				INFOPLIST_FILE = "Innovation PoC/Info.plist";
				LD_RUNPATH_SEARCH_PATHS = "$(inherited) @executable_path/Frameworks";
				PRODUCT_NAME = "$(TARGET_NAME)";
			};
			name = Release;
		};
		E04447A21AF9C84F0004E07A /* Debug */ = {
			isa = XCBuildConfiguration;
			buildSettings = {
				BUNDLE_LOADER = "$(TEST_HOST)";
				FRAMEWORK_SEARCH_PATHS = (
					"$(SDKROOT)/Developer/Library/Frameworks",
					"$(inherited)",
				);
				GCC_PREPROCESSOR_DEFINITIONS = (
					"DEBUG=1",
					"$(inherited)",
				);
				INFOPLIST_FILE = "Innovation PoCTests/Info.plist";
				LD_RUNPATH_SEARCH_PATHS = "$(inherited) @executable_path/Frameworks @loader_path/Frameworks";
				PRODUCT_NAME = "$(TARGET_NAME)";
				TEST_HOST = "$(BUILT_PRODUCTS_DIR)/Innovation PoC.app/Innovation PoC";
			};
			name = Debug;
		};
		E04447A31AF9C84F0004E07A /* Release */ = {
			isa = XCBuildConfiguration;
			buildSettings = {
				BUNDLE_LOADER = "$(TEST_HOST)";
				FRAMEWORK_SEARCH_PATHS = (
					"$(SDKROOT)/Developer/Library/Frameworks",
					"$(inherited)",
				);
				INFOPLIST_FILE = "Innovation PoCTests/Info.plist";
				LD_RUNPATH_SEARCH_PATHS = "$(inherited) @executable_path/Frameworks @loader_path/Frameworks";
				PRODUCT_NAME = "$(TARGET_NAME)";
				TEST_HOST = "$(BUILT_PRODUCTS_DIR)/Innovation PoC.app/Innovation PoC";
			};
			name = Release;
		};
		E04447C71AF9C85D0004E07A /* Debug */ = {
			isa = XCBuildConfiguration;
			buildSettings = {
				ASSETCATALOG_COMPILER_APPICON_NAME = AppIcon;
				GCC_PREPROCESSOR_DEFINITIONS = (
					"DEBUG=1",
					"$(inherited)",
				);
				IBSC_MODULE = Innovation_PoC_WatchKit_Extension;
				INFOPLIST_FILE = "Innovation PoC WatchKit App/Info.plist";
				IPHONEOS_DEPLOYMENT_TARGET = 8.2;
				PRODUCT_NAME = "$(TARGET_NAME)";
				SKIP_INSTALL = YES;
				TARGETED_DEVICE_FAMILY = 4;
				"TARGETED_DEVICE_FAMILY[sdk=iphonesimulator*]" = "1,4";
			};
			name = Debug;
		};
		E04447C81AF9C85D0004E07A /* Release */ = {
			isa = XCBuildConfiguration;
			buildSettings = {
				ASSETCATALOG_COMPILER_APPICON_NAME = AppIcon;
				IBSC_MODULE = Innovation_PoC_WatchKit_Extension;
				INFOPLIST_FILE = "Innovation PoC WatchKit App/Info.plist";
				IPHONEOS_DEPLOYMENT_TARGET = 8.2;
				PRODUCT_NAME = "$(TARGET_NAME)";
				SKIP_INSTALL = YES;
				TARGETED_DEVICE_FAMILY = 4;
				"TARGETED_DEVICE_FAMILY[sdk=iphonesimulator*]" = "1,4";
			};
			name = Release;
		};
		E04447CA1AF9C85D0004E07A /* Debug */ = {
			isa = XCBuildConfiguration;
			buildSettings = {
				GCC_PREPROCESSOR_DEFINITIONS = (
					"DEBUG=1",
					"$(inherited)",
				);
				INFOPLIST_FILE = "Innovation PoC WatchKit Extension/Info.plist";
				LD_RUNPATH_SEARCH_PATHS = "$(inherited) @executable_path/Frameworks @executable_path/../../Frameworks";
				PRODUCT_NAME = "${TARGET_NAME}";
				SKIP_INSTALL = YES;
			};
			name = Debug;
		};
		E04447CB1AF9C85D0004E07A /* Release */ = {
			isa = XCBuildConfiguration;
			buildSettings = {
				INFOPLIST_FILE = "Innovation PoC WatchKit Extension/Info.plist";
				LD_RUNPATH_SEARCH_PATHS = "$(inherited) @executable_path/Frameworks @executable_path/../../Frameworks";
				PRODUCT_NAME = "${TARGET_NAME}";
				SKIP_INSTALL = YES;
			};
			name = Release;
		};
		F0D1AD8D1AFB4E60001CBEDD /* Debug */ = {
			isa = XCBuildConfiguration;
			buildSettings = {
				CURRENT_PROJECT_VERSION = 1;
				DEFINES_MODULE = YES;
				DYLIB_COMPATIBILITY_VERSION = 1;
				DYLIB_CURRENT_VERSION = 1;
				DYLIB_INSTALL_NAME_BASE = "@rpath";
				GCC_PREPROCESSOR_DEFINITIONS = (
					"DEBUG=1",
					"$(inherited)",
				);
				INFOPLIST_FILE = CoinKit/Info.plist;
				INSTALL_PATH = "$(LOCAL_LIBRARY_DIR)/Frameworks";
				LD_RUNPATH_SEARCH_PATHS = "$(inherited) @executable_path/Frameworks @loader_path/Frameworks";
				PRODUCT_NAME = "$(TARGET_NAME)";
				SKIP_INSTALL = YES;
				TARGETED_DEVICE_FAMILY = "1,2";
				VERSIONING_SYSTEM = "apple-generic";
				VERSION_INFO_PREFIX = "";
			};
			name = Debug;
		};
		F0D1AD8E1AFB4E60001CBEDD /* Release */ = {
			isa = XCBuildConfiguration;
			buildSettings = {
				CURRENT_PROJECT_VERSION = 1;
				DEFINES_MODULE = YES;
				DYLIB_COMPATIBILITY_VERSION = 1;
				DYLIB_CURRENT_VERSION = 1;
				DYLIB_INSTALL_NAME_BASE = "@rpath";
				INFOPLIST_FILE = CoinKit/Info.plist;
				INSTALL_PATH = "$(LOCAL_LIBRARY_DIR)/Frameworks";
				LD_RUNPATH_SEARCH_PATHS = "$(inherited) @executable_path/Frameworks @loader_path/Frameworks";
				PRODUCT_NAME = "$(TARGET_NAME)";
				SKIP_INSTALL = YES;
				TARGETED_DEVICE_FAMILY = "1,2";
				VERSIONING_SYSTEM = "apple-generic";
				VERSION_INFO_PREFIX = "";
			};
			name = Release;
		};
		F0D1AD8F1AFB4E60001CBEDD /* Debug */ = {
			isa = XCBuildConfiguration;
			buildSettings = {
				FRAMEWORK_SEARCH_PATHS = (
					"$(SDKROOT)/Developer/Library/Frameworks",
					"$(inherited)",
				);
				GCC_PREPROCESSOR_DEFINITIONS = (
					"DEBUG=1",
					"$(inherited)",
				);
				INFOPLIST_FILE = CoinKitTests/Info.plist;
				LD_RUNPATH_SEARCH_PATHS = "$(inherited) @executable_path/Frameworks @loader_path/Frameworks";
				PRODUCT_NAME = "$(TARGET_NAME)";
				TEST_HOST = "$(BUILT_PRODUCTS_DIR)/Innovation PoC.app/Innovation PoC";
			};
			name = Debug;
		};
		F0D1AD901AFB4E60001CBEDD /* Release */ = {
			isa = XCBuildConfiguration;
			buildSettings = {
				FRAMEWORK_SEARCH_PATHS = (
					"$(SDKROOT)/Developer/Library/Frameworks",
					"$(inherited)",
				);
				INFOPLIST_FILE = CoinKitTests/Info.plist;
				LD_RUNPATH_SEARCH_PATHS = "$(inherited) @executable_path/Frameworks @loader_path/Frameworks";
				PRODUCT_NAME = "$(TARGET_NAME)";
				TEST_HOST = "$(BUILT_PRODUCTS_DIR)/Innovation PoC.app/Innovation PoC";
			};
			name = Release;
		};
/* End XCBuildConfiguration section */

/* Begin XCConfigurationList section */
		E044477A1AF9C84F0004E07A /* Build configuration list for PBXProject "Innovation PoC" */ = {
			isa = XCConfigurationList;
			buildConfigurations = (
				E044479C1AF9C84F0004E07A /* Debug */,
				E044479D1AF9C84F0004E07A /* Release */,
			);
			defaultConfigurationIsVisible = 0;
			defaultConfigurationName = Release;
		};
		E044479E1AF9C84F0004E07A /* Build configuration list for PBXNativeTarget "Innovation PoC" */ = {
			isa = XCConfigurationList;
			buildConfigurations = (
				E044479F1AF9C84F0004E07A /* Debug */,
				E04447A01AF9C84F0004E07A /* Release */,
			);
			defaultConfigurationIsVisible = 0;
			defaultConfigurationName = Release;
		};
		E04447A11AF9C84F0004E07A /* Build configuration list for PBXNativeTarget "Innovation PoCTests" */ = {
			isa = XCConfigurationList;
			buildConfigurations = (
				E04447A21AF9C84F0004E07A /* Debug */,
				E04447A31AF9C84F0004E07A /* Release */,
			);
			defaultConfigurationIsVisible = 0;
			defaultConfigurationName = Release;
		};
		E04447C61AF9C85D0004E07A /* Build configuration list for PBXNativeTarget "Innovation PoC WatchKit App" */ = {
			isa = XCConfigurationList;
			buildConfigurations = (
				E04447C71AF9C85D0004E07A /* Debug */,
				E04447C81AF9C85D0004E07A /* Release */,
			);
			defaultConfigurationIsVisible = 0;
			defaultConfigurationName = Release;
		};
		E04447C91AF9C85D0004E07A /* Build configuration list for PBXNativeTarget "Innovation PoC WatchKit Extension" */ = {
			isa = XCConfigurationList;
			buildConfigurations = (
				E04447CA1AF9C85D0004E07A /* Debug */,
				E04447CB1AF9C85D0004E07A /* Release */,
			);
			defaultConfigurationIsVisible = 0;
			defaultConfigurationName = Release;
		};
		F0D1AD911AFB4E60001CBEDD /* Build configuration list for PBXNativeTarget "CoinKit" */ = {
			isa = XCConfigurationList;
			buildConfigurations = (
				F0D1AD8D1AFB4E60001CBEDD /* Debug */,
				F0D1AD8E1AFB4E60001CBEDD /* Release */,
			);
			defaultConfigurationIsVisible = 0;
			defaultConfigurationName = Release;
		};
		F0D1AD931AFB4E60001CBEDD /* Build configuration list for PBXNativeTarget "CoinKitTests" */ = {
			isa = XCConfigurationList;
			buildConfigurations = (
				F0D1AD8F1AFB4E60001CBEDD /* Debug */,
				F0D1AD901AFB4E60001CBEDD /* Release */,
			);
			defaultConfigurationIsVisible = 0;
			defaultConfigurationName = Release;
		};
/* End XCConfigurationList section */
	};
	rootObject = E04447771AF9C84F0004E07A /* Project object */;
}
